
Microsoft Visual Studio Solution File, Format Version 12.00
# Visual Studio Version 17
VisualStudioVersion = 17.4.33122.133
MinimumVisualStudioVersion = 10.0.40219.1
Project("{FAE04EC0-301F-11D3-BF4B-00C04F79EFBC}") = "Towerdefence", "Towerdefence\Towerdefence.csproj", "{FD3DC159-68BA-4D3B-9BD2-DAA050AA84BB}"
EndProject
Global
	GlobalSection(SolutionConfigurationPlatforms) = preSolution
		Debug|Any CPU = Debug|Any CPU
		Release|Any CPU = Release|Any CPU
	EndGlobalSection
	GlobalSection(ProjectConfigurationPlatforms) = postSolution
		{FD3DC159-68BA-4D3B-9BD2-DAA050AA84BB}.Debug|Any CPU.ActiveCfg = Debug|Any CPU
		{FD3DC159-68BA-4D3B-9BD2-DAA050AA84BB}.Debug|Any CPU.Build.0 = Debug|Any CPU
		{FD3DC159-68BA-4D3B-9BD2-DAA050AA84BB}.Release|Any CPU.ActiveCfg = Release|Any CPU
		{FD3DC159-68BA-4D3B-9BD2-DAA050AA84BB}.Release|Any CPU.Build.0 = Release|Any CPU
	EndGlobalSection
	GlobalSection(SolutionProperties) = preSolution
		HideSolutionNode = FALSE
	EndGlobalSection
	GlobalSection(ExtensibilityGlobals) = postSolution
		SolutionGuid = {3F561B10-368F-4136-9043-E61D0F6CB528}
	EndGlobalSection
EndGlobal
